
Microsoft Visual Studio Solution File, Format Version 12.00
# Visual Studio Version 17
VisualStudioVersion = 17.10.35122.118
MinimumVisualStudioVersion = 10.0.40219.1
Project("{FAE04EC0-301F-11D3-BF4B-00C04F79EFBC}") = "client code", "client code\client code.csproj", "{D78C5DAF-E623-44C9-896D-1E865089B857}"
EndProject
Global
	GlobalSection(SolutionConfigurationPlatforms) = preSolution
		Debug|Any CPU = Debug|Any CPU
		Release|Any CPU = Release|Any CPU
	EndGlobalSection
	GlobalSection(ProjectConfigurationPlatforms) = postSolution
		{D78C5DAF-E623-44C9-896D-1E865089B857}.Debug|Any CPU.ActiveCfg = Debug|Any CPU
		{D78C5DAF-E623-44C9-896D-1E865089B857}.Debug|Any CPU.Build.0 = Debug|Any CPU
		{D78C5DAF-E623-44C9-896D-1E865089B857}.Release|Any CPU.ActiveCfg = Release|Any CPU
		{D78C5DAF-E623-44C9-896D-1E865089B857}.Release|Any CPU.Build.0 = Release|Any CPU
	EndGlobalSection
	GlobalSection(SolutionProperties) = preSolution
		HideSolutionNode = FALSE
	EndGlobalSection
	GlobalSection(ExtensibilityGlobals) = postSolution
		SolutionGuid = {1F73D0F2-A50D-4D36-8F28-D781A83863B2}
	EndGlobalSection
EndGlobal
